{
  "version": 4,
  "terraform_version": "1.12.1",
  "serial": 205,
  "lineage": "30599663-d0e8-6b5a-346f-9feb846e058b",
  "outputs": {},
  "resources": [
    {
      "module": "module.meatartbot_vm",
      "mode": "managed",
      "type": "libvirt_cloudinit_disk",
      "name": "cloudinit",
      "provider": "module.meatartbot_vm.provider[\"registry.terraform.io/dmacvicar/libvirt\"]",
      "instances": [
        {
          "schema_version": 0,
          "attributes": {
            "id": "/home/perfesser/libvirt-images/meatartbot-cloudinit.iso;43d03d7f-7059-4ff9-b81b-d3f137e57646",
            "meta_data": "",
            "name": "meatartbot-cloudinit.iso",
            "network_config": "",
            "pool": "default",
            "user_data": "#cloud-config\nhostname: meatartbot\nfqdn: meatartbot.local\n\nusers:\n  - default\n  - name: perfesser\n    ssh-authorized-keys:\n      - ssh-ed25519 AAAAC3NzaC1lZDI1NTE5AAAAILWyWtCnyDuaQTZ8sKEdv0rfHMkmybcXQflU/zu4kzlt meatartbot\n    sudo: ALL=(ALL) NOPASSWD:ALL\n    groups: sudo\n    shell: /bin/bash\n\ndisable_root: true\nssh_pwauth: false\n\n"
          },
          "sensitive_attributes": [],
          "identity_schema_version": 0,
          "private": "bnVsbA=="
        }
      ]
    },
    {
      "module": "module.meatartbot_vm",
      "mode": "managed",
      "type": "libvirt_domain",
      "name": "vm",
      "provider": "module.meatartbot_vm.provider[\"registry.terraform.io/dmacvicar/libvirt\"]",
      "instances": [
        {
          "schema_version": 0,
          "attributes": {
            "arch": "x86_64",
            "autostart": false,
            "boot_device": [],
            "cloudinit": "/home/perfesser/libvirt-images/meatartbot-cloudinit.iso;43d03d7f-7059-4ff9-b81b-d3f137e57646",
            "cmdline": null,
            "console": [
              {
                "source_host": "127.0.0.1",
                "source_path": "",
                "source_service": "0",
                "target_port": "0",
                "target_type": "",
                "type": "pty"
              }
            ],
            "coreos_ignition": null,
            "cpu": [
              {
                "mode": "custom"
              }
            ],
            "description": "",
            "disk": [
              {
                "block_device": "",
                "file": "",
                "scsi": false,
                "url": "",
                "volume_id": "/home/perfesser/libvirt-images/meatartbot.qcow2",
                "wwn": ""
              }
            ],
            "emulator": "/usr/bin/qemu-system-x86_64",
            "filesystem": [],
            "firmware": null,
            "fw_cfg_name": "opt/com.coreos/config",
            "graphics": [
              {
                "autoport": true,
                "listen_address": "127.0.0.1",
                "listen_type": "address",
                "type": "vnc",
                "websocket": 0
              }
            ],
            "id": "93829e1b-07a2-4ad4-92fc-a6f88030cb8b",
            "initrd": "",
            "kernel": "",
            "machine": "pc",
            "memory": 4096,
            "metadata": null,
            "name": "meatartbot",
            "network_interface": [
              {
                "addresses": [
                  "192.168.122.10"
                ],
                "bridge": "",
                "hostname": "meatartbot",
                "mac": "52:54:00:C6:38:81",
                "macvtap": "",
                "network_id": "da2f084c-dda9-4e31-9f16-3be638fe1519",
                "network_name": "default",
                "passthrough": "",
                "vepa": "",
                "wait_for_lease": false
              }
            ],
            "nvram": [],
            "qemu_agent": false,
            "running": true,
            "timeouts": null,
            "tpm": [],
            "vcpu": 2,
            "video": [],
            "xml": []
          },
          "sensitive_attributes": [],
          "identity_schema_version": 0,
          "private": "eyJlMmJmYjczMC1lY2FhLTExZTYtOGY4OC0zNDM2M2JjN2M0YzAiOnsiY3JlYXRlIjozMDAwMDAwMDAwMDB9fQ==",
          "dependencies": [
            "module.meatartbot_vm.libvirt_cloudinit_disk.cloudinit",
            "module.meatartbot_vm.libvirt_volume.vm_disk"
          ]
        }
      ]
    },
    {
      "module": "module.meatartbot_vm",
      "mode": "managed",
      "type": "libvirt_volume",
      "name": "vm_disk",
      "provider": "module.meatartbot_vm.provider[\"registry.terraform.io/dmacvicar/libvirt\"]",
      "instances": [
        {
          "schema_version": 0,
          "attributes": {
            "base_volume_id": null,
            "base_volume_name": null,
            "base_volume_pool": null,
            "format": "qcow2",
            "id": "/home/perfesser/libvirt-images/meatartbot.qcow2",
            "name": "meatartbot.qcow2",
            "pool": "default",
            "size": 3221225472,
            "source": "https://cloud.debian.org/images/cloud/bookworm/latest/debian-12-genericcloud-amd64.qcow2",
            "xml": []
          },
          "sensitive_attributes": [],
          "identity_schema_version": 0,
          "private": "bnVsbA=="
        }
      ]
    },
    {
      "module": "module.ollama_vm",
      "mode": "managed",
      "type": "libvirt_cloudinit_disk",
      "name": "cloudinit",
      "provider": "module.ollama_vm.provider[\"registry.terraform.io/dmacvicar/libvirt\"]",
      "instances": [
        {
          "schema_version": 0,
          "attributes": {
            "id": "/home/perfesser/libvirt-images/ollama-cloudinit.iso;631fe526-c4db-45f0-8ef0-42a3ddf23793",
            "meta_data": "",
            "name": "ollama-cloudinit.iso",
            "network_config": "",
            "pool": "default",
            "user_data": "#cloud-config\nhostname: ollama\nfqdn: ollama.local\n\nusers:\n  - default\n  - name: perfesser\n    ssh-authorized-keys:\n      - ssh-ed25519 AAAAC3NzaC1lZDI1NTE5AAAAILWyWtCnyDuaQTZ8sKEdv0rfHMkmybcXQflU/zu4kzlt meatartbot\n    sudo: ALL=(ALL) NOPASSWD:ALL\n    groups: sudo\n    shell: /bin/bash\n\ndisable_root: true\nssh_pwauth: false\n\n"
          },
          "sensitive_attributes": [],
          "identity_schema_version": 0,
          "private": "bnVsbA=="
        }
      ]
    },
    {
      "module": "module.ollama_vm",
      "mode": "managed",
      "type": "libvirt_domain",
      "name": "vm",
      "provider": "module.ollama_vm.provider[\"registry.terraform.io/dmacvicar/libvirt\"]",
      "instances": [
        {
          "schema_version": 0,
          "attributes": {
            "arch": "x86_64",
            "autostart": false,
            "boot_device": [],
            "cloudinit": "/home/perfesser/libvirt-images/ollama-cloudinit.iso;631fe526-c4db-45f0-8ef0-42a3ddf23793",
            "cmdline": null,
            "console": [
              {
                "source_host": "127.0.0.1",
                "source_path": "",
                "source_service": "0",
                "target_port": "0",
                "target_type": "",
                "type": "pty"
              }
            ],
            "coreos_ignition": null,
            "cpu": [
              {
                "mode": "custom"
              }
            ],
            "description": "",
            "disk": [
              {
                "block_device": "",
                "file": "",
                "scsi": false,
                "url": "",
                "volume_id": "/home/perfesser/libvirt-images/ollama.qcow2",
                "wwn": ""
              }
            ],
            "emulator": "/usr/bin/qemu-system-x86_64",
            "filesystem": [],
            "firmware": null,
            "fw_cfg_name": "opt/com.coreos/config",
            "graphics": [
              {
                "autoport": true,
                "listen_address": "127.0.0.1",
                "listen_type": "address",
                "type": "vnc",
                "websocket": 0
              }
            ],
            "id": "e5ca4cab-9709-469b-8c00-6cb5466f5d4e",
            "initrd": "",
            "kernel": "",
            "machine": "pc",
            "memory": 8192,
            "metadata": null,
            "name": "ollama",
            "network_interface": [
              {
                "addresses": [
                  "192.168.122.11"
                ],
                "bridge": "",
                "hostname": "ollama",
                "mac": "52:54:00:86:74:EC",
                "macvtap": "",
                "network_id": "da2f084c-dda9-4e31-9f16-3be638fe1519",
                "network_name": "default",
                "passthrough": "",
                "vepa": "",
                "wait_for_lease": false
              }
            ],
            "nvram": [],
            "qemu_agent": false,
            "running": true,
            "timeouts": null,
            "tpm": [],
            "vcpu": 4,
            "video": [],
            "xml": []
          },
          "sensitive_attributes": [],
          "identity_schema_version": 0,
          "private": "eyJlMmJmYjczMC1lY2FhLTExZTYtOGY4OC0zNDM2M2JjN2M0YzAiOnsiY3JlYXRlIjozMDAwMDAwMDAwMDB9fQ==",
          "dependencies": [
            "module.ollama_vm.libvirt_cloudinit_disk.cloudinit",
            "module.ollama_vm.libvirt_volume.vm_disk"
          ]
        }
      ]
    },
    {
      "module": "module.ollama_vm",
      "mode": "managed",
      "type": "libvirt_volume",
      "name": "vm_disk",
      "provider": "module.ollama_vm.provider[\"registry.terraform.io/dmacvicar/libvirt\"]",
      "instances": [
        {
          "schema_version": 0,
          "attributes": {
            "base_volume_id": null,
            "base_volume_name": null,
            "base_volume_pool": null,
            "format": "qcow2",
            "id": "/home/perfesser/libvirt-images/ollama.qcow2",
            "name": "ollama.qcow2",
            "pool": "default",
            "size": 3221225472,
            "source": "https://cloud.debian.org/images/cloud/bookworm/latest/debian-12-genericcloud-amd64.qcow2",
            "xml": []
          },
          "sensitive_attributes": [],
          "identity_schema_version": 0,
          "private": "bnVsbA=="
        }
      ]
    }
  ],
  "check_results": null
}
